
Microsoft Visual Studio Solution File, Format Version 12.00
# Visual Studio 15
VisualStudioVersion = 15.0.28307.960
MinimumVisualStudioVersion = 10.0.40219.1
Project("{FAE04EC0-301F-11D3-BF4B-00C04F79EFBC}") = "ShutdownAfterInput", "ShutdownAfterInput\ShutdownAfterInput.csproj", "{49A586E1-226F-4B65-9B0E-24E01962EB78}"
EndProject
Global
	GlobalSection(SolutionConfigurationPlatforms) = preSolution
		Debug|Any CPU = Debug|Any CPU
		Release|Any CPU = Release|Any CPU
	EndGlobalSection
	GlobalSection(ProjectConfigurationPlatforms) = postSolution
		{49A586E1-226F-4B65-9B0E-24E01962EB78}.Debug|Any CPU.ActiveCfg = Debug|Any CPU
		{49A586E1-226F-4B65-9B0E-24E01962EB78}.Debug|Any CPU.Build.0 = Debug|Any CPU
		{49A586E1-226F-4B65-9B0E-24E01962EB78}.Release|Any CPU.ActiveCfg = Release|Any CPU
		{49A586E1-226F-4B65-9B0E-24E01962EB78}.Release|Any CPU.Build.0 = Release|Any CPU
	EndGlobalSection
	GlobalSection(SolutionProperties) = preSolution
		HideSolutionNode = FALSE
	EndGlobalSection
	GlobalSection(ExtensibilityGlobals) = postSolution
		SolutionGuid = {5568888A-7A81-44B9-AC94-96935A94CADF}
	EndGlobalSection
EndGlobal
